
Microsoft Visual Studio Solution File, Format Version 12.00
# Visual Studio Version 17
VisualStudioVersion = 17.14.37111.16 d17.14
MinimumVisualStudioVersion = 10.0.40219.1
Project("{FAE04EC0-301F-11D3-BF4B-00C04F79EFBC}") = "BookingSystemApi", "BookingSystemApi\BookingSystemApi.csproj", "{272B3ACD-0EB6-46F7-A6AF-85C628E1272E}"
EndProject
Global
	GlobalSection(SolutionConfigurationPlatforms) = preSolution
		Debug|Any CPU = Debug|Any CPU
		Release|Any CPU = Release|Any CPU
	EndGlobalSection
	GlobalSection(ProjectConfigurationPlatforms) = postSolution
		{272B3ACD-0EB6-46F7-A6AF-85C628E1272E}.Debug|Any CPU.ActiveCfg = Debug|Any CPU
		{272B3ACD-0EB6-46F7-A6AF-85C628E1272E}.Debug|Any CPU.Build.0 = Debug|Any CPU
		{272B3ACD-0EB6-46F7-A6AF-85C628E1272E}.Release|Any CPU.ActiveCfg = Release|Any CPU
		{272B3ACD-0EB6-46F7-A6AF-85C628E1272E}.Release|Any CPU.Build.0 = Release|Any CPU
	EndGlobalSection
	GlobalSection(SolutionProperties) = preSolution
		HideSolutionNode = FALSE
	EndGlobalSection
	GlobalSection(ExtensibilityGlobals) = postSolution
		SolutionGuid = {B7E99608-02CD-4C62-8365-EB26A8DDBDF6}
	EndGlobalSection
EndGlobal
